
Microsoft Visual Studio Solution File, Format Version 12.00
Project("{FAE04EC0-301F-11D3-BF4B-00C04F79EFBC}") = "s24422-kolos", "s24422-kolos\s24422-kolos.csproj", "{02405D37-2883-4352-A054-4E098A2D807A}"
EndProject
Global
	GlobalSection(SolutionConfigurationPlatforms) = preSolution
		Debug|Any CPU = Debug|Any CPU
		Release|Any CPU = Release|Any CPU
	EndGlobalSection
	GlobalSection(ProjectConfigurationPlatforms) = postSolution
		{02405D37-2883-4352-A054-4E098A2D807A}.Debug|Any CPU.ActiveCfg = Debug|Any CPU
		{02405D37-2883-4352-A054-4E098A2D807A}.Debug|Any CPU.Build.0 = Debug|Any CPU
		{02405D37-2883-4352-A054-4E098A2D807A}.Release|Any CPU.ActiveCfg = Release|Any CPU
		{02405D37-2883-4352-A054-4E098A2D807A}.Release|Any CPU.Build.0 = Release|Any CPU
	EndGlobalSection
EndGlobal
